
Microsoft Visual Studio Solution File, Format Version 12.00
# Visual Studio Version 16
VisualStudioVersion = 25.0.1704.2
MinimumVisualStudioVersion = 10.0.40219.1
Project("{FAE04EC0-301F-11D3-BF4B-00C04F79EFBC}") = "Restaurant_Api", "Restaurant_Api\Restaurant_Api.csproj", "{B27A83DA-C9DB-4A1E-ADD9-92B07DF29B36}"
EndProject
Project("{2150E333-8FDC-42A3-9474-1A3956D46DE8}") = "test1", "test1", "{BC30AC9A-17EF-4C24-A7F6-850236634F6F}"
EndProject
Global
	GlobalSection(SolutionConfigurationPlatforms) = preSolution
		Debug|Any CPU = Debug|Any CPU
		Release|Any CPU = Release|Any CPU
	EndGlobalSection
	GlobalSection(ProjectConfigurationPlatforms) = postSolution
		{B27A83DA-C9DB-4A1E-ADD9-92B07DF29B36}.Debug|Any CPU.ActiveCfg = Debug|Any CPU
		{B27A83DA-C9DB-4A1E-ADD9-92B07DF29B36}.Debug|Any CPU.Build.0 = Debug|Any CPU
		{B27A83DA-C9DB-4A1E-ADD9-92B07DF29B36}.Release|Any CPU.ActiveCfg = Release|Any CPU
		{B27A83DA-C9DB-4A1E-ADD9-92B07DF29B36}.Release|Any CPU.Build.0 = Release|Any CPU
	EndGlobalSection
	GlobalSection(SolutionProperties) = preSolution
		HideSolutionNode = FALSE
	EndGlobalSection
	GlobalSection(ExtensibilityGlobals) = postSolution
		SolutionGuid = {3002C9F7-C075-422C-8028-8988CCEAEF19}
	EndGlobalSection
EndGlobal
